
Microsoft Visual Studio Solution File, Format Version 12.00
# Visual Studio Version 17
VisualStudioVersion = 17.6.33829.357
MinimumVisualStudioVersion = 10.0.40219.1
Project("{FAE04EC0-301F-11D3-BF4B-00C04F79EFBC}") = "ISOProject", "ISOProject\ISOProject.csproj", "{B0BD6D9D-5D2A-42C9-A6C6-220740923B2B}"
EndProject
Global
	GlobalSection(SolutionConfigurationPlatforms) = preSolution
		Debug|Any CPU = Debug|Any CPU
		Release|Any CPU = Release|Any CPU
	EndGlobalSection
	GlobalSection(ProjectConfigurationPlatforms) = postSolution
		{B0BD6D9D-5D2A-42C9-A6C6-220740923B2B}.Debug|Any CPU.ActiveCfg = Debug|Any CPU
		{B0BD6D9D-5D2A-42C9-A6C6-220740923B2B}.Debug|Any CPU.Build.0 = Debug|Any CPU
		{B0BD6D9D-5D2A-42C9-A6C6-220740923B2B}.Release|Any CPU.ActiveCfg = Release|Any CPU
		{B0BD6D9D-5D2A-42C9-A6C6-220740923B2B}.Release|Any CPU.Build.0 = Release|Any CPU
	EndGlobalSection
	GlobalSection(SolutionProperties) = preSolution
		HideSolutionNode = FALSE
	EndGlobalSection
	GlobalSection(ExtensibilityGlobals) = postSolution
		SolutionGuid = {40AB8350-AD9B-4056-9F98-17BB044CC391}
	EndGlobalSection
EndGlobal
